
Microsoft Visual Studio Solution File, Format Version 12.00
# Visual Studio 14
VisualStudioVersion = 14.0.23107.0
MinimumVisualStudioVersion = 10.0.40219.1
Project("{FAE04EC0-301F-11D3-BF4B-00C04F79EFBC}") = "ProCustomer", "ProCustomer\ProCustomer.csproj", "{EC6E342A-4B0D-43A0-968D-7123AC0DD0E1}"
EndProject
Global
	GlobalSection(SolutionConfigurationPlatforms) = preSolution
		Debug|x86 = Debug|x86
		Release|x86 = Release|x86
	EndGlobalSection
	GlobalSection(ProjectConfigurationPlatforms) = postSolution
		{EC6E342A-4B0D-43A0-968D-7123AC0DD0E1}.Debug|x86.ActiveCfg = Debug|x86
		{EC6E342A-4B0D-43A0-968D-7123AC0DD0E1}.Debug|x86.Build.0 = Debug|x86
		{EC6E342A-4B0D-43A0-968D-7123AC0DD0E1}.Release|x86.ActiveCfg = Release|x86
		{EC6E342A-4B0D-43A0-968D-7123AC0DD0E1}.Release|x86.Build.0 = Release|x86
	EndGlobalSection
	GlobalSection(SolutionProperties) = preSolution
		HideSolutionNode = FALSE
	EndGlobalSection
	GlobalSection(TeamFoundationVersionControl) = preSolution
		SccNumberOfProjects = 2
		SccEnterpriseProvider = {4CA58AB2-18FA-4F8D-95D4-32DDF27D184C}
		SccTeamFoundationServer = https://kenanmuyesser.visualstudio.com/defaultcollection
		SccLocalPath0 = .
		SccProjectUniqueName1 = ProCustomer\\ProCustomer.csproj
		SccProjectName1 = ProCustomer
		SccLocalPath1 = ProCustomer
	EndGlobalSection
EndGlobal
